
Microsoft Visual Studio Solution File, Format Version 12.00
# Visual Studio 15
VisualStudioVersion = 15.0.28010.2050
MinimumVisualStudioVersion = 10.0.40219.1
Project("{FAE04EC0-301F-11D3-BF4B-00C04F79EFBC}") = "20190424", "20190424\20190424.csproj", "{45A84BC1-6A6B-4700-8462-35302F836C85}"
EndProject
Global
	GlobalSection(SolutionConfigurationPlatforms) = preSolution
		Debug|Any CPU = Debug|Any CPU
		Release|Any CPU = Release|Any CPU
	EndGlobalSection
	GlobalSection(ProjectConfigurationPlatforms) = postSolution
		{45A84BC1-6A6B-4700-8462-35302F836C85}.Debug|Any CPU.ActiveCfg = Debug|Any CPU
		{45A84BC1-6A6B-4700-8462-35302F836C85}.Debug|Any CPU.Build.0 = Debug|Any CPU
		{45A84BC1-6A6B-4700-8462-35302F836C85}.Release|Any CPU.ActiveCfg = Release|Any CPU
		{45A84BC1-6A6B-4700-8462-35302F836C85}.Release|Any CPU.Build.0 = Release|Any CPU
	EndGlobalSection
	GlobalSection(SolutionProperties) = preSolution
		HideSolutionNode = FALSE
	EndGlobalSection
	GlobalSection(ExtensibilityGlobals) = postSolution
		SolutionGuid = {E2187B2C-FD03-4ECD-B1CF-8E63E6930440}
	EndGlobalSection
EndGlobal
